// !$*UTF8*$!
{
	archiveVersion = 1;
	classes = {
	};
	objectVersion = 46;
	objects = {

/* Begin PBXBuildFile section */
		6D95B7F41D7F5C4100C496E5 /* AppDelegate.swift in Sources */ = {isa = PBXBuildFile; fileRef = 6D95B7F31D7F5C4100C496E5 /* AppDelegate.swift */; };
		6D95B7F61D7F5C4200C496E5 /* ViewController.swift in Sources */ = {isa = PBXBuildFile; fileRef = 6D95B7F51D7F5C4200C496E5 /* ViewController.swift */; };
		6D95B7F91D7F5C4200C496E5 /* Main.storyboard in Resources */ = {isa = PBXBuildFile; fileRef = 6D95B7F71D7F5C4200C496E5 /* Main.storyboard */; };
		6D95B7FB1D7F5C4300C496E5 /* Assets.xcassets in Resources */ = {isa = PBXBuildFile; fileRef = 6D95B7FA1D7F5C4300C496E5 /* Assets.xcassets */; };
		6D95B7FE1D7F5C4400C496E5 /* LaunchScreen.storyboard in Resources */ = {isa = PBXBuildFile; fileRef = 6D95B7FC1D7F5C4400C496E5 /* LaunchScreen.storyboard */; };
		6D95B8091D7F5C4500C496E5 /* UserDefaultsTests.swift in Sources */ = {isa = PBXBuildFile; fileRef = 6D95B8081D7F5C4500C496E5 /* UserDefaultsTests.swift */; };
		6D95B8141D7F5C4500C496E5 /* UserDefaultsUITests.swift in Sources */ = {isa = PBXBuildFile; fileRef = 6D95B8131D7F5C4500C496E5 /* UserDefaultsUITests.swift */; };
		6D95B8221D7F5E9D00C496E5 /* ViewController2.swift in Sources */ = {isa = PBXBuildFile; fileRef = 6D95B8211D7F5E9D00C496E5 /* ViewController2.swift */; };
/* End PBXBuildFile section */

/* Begin PBXContainerItemProxy section */
		6D95B8051D7F5C4400C496E5 /* PBXContainerItemProxy */ = {
			isa = PBXContainerItemProxy;
			containerPortal = 6D95B7E81D7F5C3A00C496E5 /* Project object */;
			proxyType = 1;
			remoteGlobalIDString = 6D95B7EF1D7F5C3A00C496E5;
			remoteInfo = UserDefaults;
		};
		6D95B8101D7F5C4500C496E5 /* PBXContainerItemProxy */ = {
			isa = PBXContainerItemProxy;
			containerPortal = 6D95B7E81D7F5C3A00C496E5 /* Project object */;
			proxyType = 1;
			remoteGlobalIDString = 6D95B7EF1D7F5C3A00C496E5;
			remoteInfo = UserDefaults;
		};
/* End PBXContainerItemProxy section */

/* Begin PBXFileReference section */
		6D95B7F01D7F5C4100C496E5 /* UserDefaults.app */ = {isa = PBXFileReference; explicitFileType = wrapper.application; includeInIndex = 0; path = UserDefaults.app; sourceTree = BUILT_PRODUCTS_DIR; };
		6D95B7F31D7F5C4100C496E5 /* AppDelegate.swift */ = {isa = PBXFileReference; lastKnownFileType = sourcecode.swift; path = AppDelegate.swift; sourceTree = "<group>"; };
		6D95B7F51D7F5C4200C496E5 /* ViewController.swift */ = {isa = PBXFileReference; lastKnownFileType = sourcecode.swift; path = ViewController.swift; sourceTree = "<group>"; };
		6D95B7F81D7F5C4200C496E5 /* Base */ = {isa = PBXFileReference; lastKnownFileType = file.storyboard; name = Base; path = Base.lproj/Main.storyboard; sourceTree = "<group>"; };
		6D95B7FA1D7F5C4300C496E5 /* Assets.xcassets */ = {isa = PBXFileReference; lastKnownFileType = folder.assetcatalog; path = Assets.xcassets; sourceTree = "<group>"; };
		6D95B7FD1D7F5C4400C496E5 /* Base */ = {isa = PBXFileReference; lastKnownFileType = file.storyboard; name = Base; path = Base.lproj/LaunchScreen.storyboard; sourceTree = "<group>"; };
		6D95B7FF1D7F5C4400C496E5 /* Info.plist */ = {isa = PBXFileReference; lastKnownFileType = text.plist.xml; path = Info.plist; sourceTree = "<group>"; };
		6D95B8041D7F5C4400C496E5 /* UserDefaultsTests.xctest */ = {isa = PBXFileReference; explicitFileType = wrapper.cfbundle; includeInIndex = 0; path = UserDefaultsTests.xctest; sourceTree = BUILT_PRODUCTS_DIR; };
		6D95B8081D7F5C4500C496E5 /* UserDefaultsTests.swift */ = {isa = PBXFileReference; lastKnownFileType = sourcecode.swift; path = UserDefaultsTests.swift; sourceTree = "<group>"; };
		6D95B80A1D7F5C4500C496E5 /* Info.plist */ = {isa = PBXFileReference; lastKnownFileType = text.plist.xml; path = Info.plist; sourceTree = "<group>"; };
		6D95B80F1D7F5C4500C496E5 /* UserDefaultsUITests.xctest */ = {isa = PBXFileReference; explicitFileType = wrapper.cfbundle; includeInIndex = 0; path = UserDefaultsUITests.xctest; sourceTree = BUILT_PRODUCTS_DIR; };
		6D95B8131D7F5C4500C496E5 /* UserDefaultsUITests.swift */ = {isa = PBXFileReference; lastKnownFileType = sourcecode.swift; path = UserDefaultsUITests.swift; sourceTree = "<group>"; };
		6D95B8151D7F5C4500C496E5 /* Info.plist */ = {isa = PBXFileReference; lastKnownFileType = text.plist.xml; path = Info.plist; sourceTree = "<group>"; };
		6D95B8211D7F5E9D00C496E5 /* ViewController2.swift */ = {isa = PBXFileReference; fileEncoding = 4; lastKnownFileType = sourcecode.swift; path = ViewController2.swift; sourceTree = "<group>"; };
/* End PBXFileReference section */

/* Begin PBXFrameworksBuildPhase section */
		6D95B7ED1D7F5C3A00C496E5 /* Frameworks */ = {
			isa = PBXFrameworksBuildPhase;
			buildActionMask = 2147483647;
			files = (
			);
			runOnlyForDeploymentPostprocessing = 0;
		};
		6D95B8011D7F5C4400C496E5 /* Frameworks */ = {
			isa = PBXFrameworksBuildPhase;
			buildActionMask = 2147483647;
			files = (
			);
			runOnlyForDeploymentPostprocessing = 0;
		};
		6D95B80C1D7F5C4500C496E5 /* Frameworks */ = {
			isa = PBXFrameworksBuildPhase;
			buildActionMask = 2147483647;
			files = (
			);
			runOnlyForDeploymentPostprocessing = 0;
		};
/* End PBXFrameworksBuildPhase section */

/* Begin PBXGroup section */
		6D95B7E71D7F5C3A00C496E5 = {
			isa = PBXGroup;
			children = (
				6D95B7F21D7F5C4100C496E5 /* UserDefaults */,
				6D95B8071D7F5C4400C496E5 /* UserDefaultsTests */,
				6D95B8121D7F5C4500C496E5 /* UserDefaultsUITests */,
				6D95B7F11D7F5C4100C496E5 /* Products */,
			);
			sourceTree = "<group>";
		};
		6D95B7F11D7F5C4100C496E5 /* Products */ = {
			isa = PBXGroup;
			children = (
				6D95B7F01D7F5C4100C496E5 /* UserDefaults.app */,
				6D95B8041D7F5C4400C496E5 /* UserDefaultsTests.xctest */,
				6D95B80F1D7F5C4500C496E5 /* UserDefaultsUITests.xctest */,
			);
			name = Products;
			sourceTree = "<group>";
		};
		6D95B7F21D7F5C4100C496E5 /* UserDefaults */ = {
			isa = PBXGroup;
			children = (
				6D95B7F31D7F5C4100C496E5 /* AppDelegate.swift */,
				6D95B7F51D7F5C4200C496E5 /* ViewController.swift */,
				6D95B8211D7F5E9D00C496E5 /* ViewController2.swift */,
				6D95B7F71D7F5C4200C496E5 /* Main.storyboard */,
				6D95B7FA1D7F5C4300C496E5 /* Assets.xcassets */,
				6D95B7FC1D7F5C4400C496E5 /* LaunchScreen.storyboard */,
				6D95B7FF1D7F5C4400C496E5 /* Info.plist */,
			);
			path = UserDefaults;
			sourceTree = "<group>";
		};
		6D95B8071D7F5C4400C496E5 /* UserDefaultsTests */ = {
			isa = PBXGroup;
			children = (
				6D95B8081D7F5C4500C496E5 /* UserDefaultsTests.swift */,
				6D95B80A1D7F5C4500C496E5 /* Info.plist */,
			);
			path = UserDefaultsTests;
			sourceTree = "<group>";
		};
		6D95B8121D7F5C4500C496E5 /* UserDefaultsUITests */ = {
			isa = PBXGroup;
			children = (
				6D95B8131D7F5C4500C496E5 /* UserDefaultsUITests.swift */,
				6D95B8151D7F5C4500C496E5 /* Info.plist */,
			);
			path = UserDefaultsUITests;
			sourceTree = "<group>";
		};
/* End PBXGroup section */

/* Begin PBXNativeTarget section */
		6D95B7EF1D7F5C3A00C496E5 /* UserDefaults */ = {
			isa = PBXNativeTarget;
			buildConfigurationList = 6D95B8181D7F5C4500C496E5 /* Build configuration list for PBXNativeTarget "UserDefaults" */;
			buildPhases = (
				6D95B7EC1D7F5C3A00C496E5 /* Sources */,
				6D95B7ED1D7F5C3A00C496E5 /* Frameworks */,
				6D95B7EE1D7F5C3A00C496E5 /* Resources */,
			);
			buildRules = (
			);
			dependencies = (
			);
			name = UserDefaults;
			productName = UserDefaults;
			productReference = 6D95B7F01D7F5C4100C496E5 /* UserDefaults.app */;
			productType = "com.apple.product-type.application";
		};
		6D95B8031D7F5C4400C496E5 /* UserDefaultsTests */ = {
			isa = PBXNativeTarget;
			buildConfigurationList = 6D95B81B1D7F5C4500C496E5 /* Build configuration list for PBXNativeTarget "UserDefaultsTests" */;
			buildPhases = (
				6D95B8001D7F5C4400C496E5 /* Sources */,
				6D95B8011D7F5C4400C496E5 /* Frameworks */,
				6D95B8021D7F5C4400C496E5 /* Resources */,
			);
			buildRules = (
			);
			dependencies = (
				6D95B8061D7F5C4400C496E5 /* PBXTargetDependency */,
			);
			name = UserDefaultsTests;
			productName = UserDefaultsTests;
			productReference = 6D95B8041D7F5C4400C496E5 /* UserDefaultsTests.xctest */;
			productType = "com.apple.product-type.bundle.unit-test";
		};
		6D95B80E1D7F5C4500C496E5 /* UserDefaultsUITests */ = {
			isa = PBXNativeTarget;
			buildConfigurationList = 6D95B81E1D7F5C4500C496E5 /* Build configuration list for PBXNativeTarget "UserDefaultsUITests" */;
			buildPhases = (
				6D95B80B1D7F5C4500C496E5 /* Sources */,
				6D95B80C1D7F5C4500C496E5 /* Frameworks */,
				6D95B80D1D7F5C4500C496E5 /* Resources */,
			);
			buildRules = (
			);
			dependencies = (
				6D95B8111D7F5C4500C496E5 /* PBXTargetDependency */,
			);
			name = UserDefaultsUITests;
			productName = UserDefaultsUITests;
			productReference = 6D95B80F1D7F5C4500C496E5 /* UserDefaultsUITests.xctest */;
			productType = "com.apple.product-type.bundle.ui-testing";
		};
/* End PBXNativeTarget section */

/* Begin PBXProject section */
		6D95B7E81D7F5C3A00C496E5 /* Project object */ = {
			isa = PBXProject;
			attributes = {
				LastSwiftUpdateCheck = 0800;
				LastUpgradeCheck = 0800;
				ORGANIZATIONNAME = hydrastudio;
				TargetAttributes = {
					6D95B7EF1D7F5C3A00C496E5 = {
						CreatedOnToolsVersion = 8.0;
						DevelopmentTeam = 22EK2B4UZJ;
						ProvisioningStyle = Automatic;
					};
					6D95B8031D7F5C4400C496E5 = {
						CreatedOnToolsVersion = 8.0;
						DevelopmentTeam = 22EK2B4UZJ;
						ProvisioningStyle = Automatic;
						TestTargetID = 6D95B7EF1D7F5C3A00C496E5;
					};
					6D95B80E1D7F5C4500C496E5 = {
						CreatedOnToolsVersion = 8.0;
						DevelopmentTeam = 22EK2B4UZJ;
						ProvisioningStyle = Automatic;
						TestTargetID = 6D95B7EF1D7F5C3A00C496E5;
					};
				};
			};
			buildConfigurationList = 6D95B7EB1D7F5C3A00C496E5 /* Build configuration list for PBXProject "UserDefaults" */;
			compatibilityVersion = "Xcode 3.2";
			developmentRegion = English;
			hasScannedForEncodings = 0;
			knownRegions = (
				en,
				Base,
			);
			mainGroup = 6D95B7E71D7F5C3A00C496E5;
			productRefGroup = 6D95B7F11D7F5C4100C496E5 /* Products */;
			projectDirPath = "";
			projectRoot = "";
			targets = (
				6D95B7EF1D7F5C3A00C496E5 /* UserDefaults */,
				6D95B8031D7F5C4400C496E5 /* UserDefaultsTests */,
				6D95B80E1D7F5C4500C496E5 /* UserDefaultsUITests */,
			);
		};
/* End PBXProject section */

/* Begin PBXResourcesBuildPhase section */
		6D95B7EE1D7F5C3A00C496E5 /* Resources */ = {
			isa = PBXResourcesBuildPhase;
			buildActionMask = 2147483647;
			files = (
				6D95B7FE1D7F5C4400C496E5 /* LaunchScreen.storyboard in Resources */,
				6D95B7FB1D7F5C4300C496E5 /* Assets.xcassets in Resources */,
				6D95B7F91D7F5C4200C496E5 /* Main.storyboard in Resources */,
			);
			runOnlyForDeploymentPostprocessing = 0;
		};
		6D95B8021D7F5C4400C496E5 /* Resources */ = {
			isa = PBXResourcesBuildPhase;
			buildActionMask = 2147483647;
			files = (
			);
			runOnlyForDeploymentPostprocessing = 0;
		};
		6D95B80D1D7F5C4500C496E5 /* Resources */ = {
			isa = PBXResourcesBuildPhase;
			buildActionMask = 2147483647;
			files = (
			);
			runOnlyForDeploymentPostprocessing = 0;
		};
/* End PBXResourcesBuildPhase section */

/* Begin PBXSourcesBuildPhase section */
		6D95B7EC1D7F5C3A00C496E5 /* Sources */ = {
			isa = PBXSourcesBuildPhase;
			buildActionMask = 2147483647;
			files = (
				6D95B7F61D7F5C4200C496E5 /* ViewController.swift in Sources */,
				6D95B7F41D7F5C4100C496E5 /* AppDelegate.swift in Sources */,
				6D95B8221D7F5E9D00C496E5 /* ViewController2.swift in Sources */,
			);
			runOnlyForDeploymentPostprocessing = 0;
		};
		6D95B8001D7F5C4400C496E5 /* Sources */ = {
			isa = PBXSourcesBuildPhase;
			buildActionMask = 2147483647;
			files = (
				6D95B8091D7F5C4500C496E5 /* UserDefaultsTests.swift in Sources */,
			);
			runOnlyForDeploymentPostprocessing = 0;
		};
		6D95B80B1D7F5C4500C496E5 /* Sources */ = {
			isa = PBXSourcesBuildPhase;
			buildActionMask = 2147483647;
			files = (
				6D95B8141D7F5C4500C496E5 /* UserDefaultsUITests.swift in Sources */,
			);
			runOnlyForDeploymentPostprocessing = 0;
		};
/* End PBXSourcesBuildPhase section */

/* Begin PBXTargetDependency section */
		6D95B8061D7F5C4400C496E5 /* PBXTargetDependency */ = {
			isa = PBXTargetDependency;
			target = 6D95B7EF1D7F5C3A00C496E5 /* UserDefaults */;
			targetProxy = 6D95B8051D7F5C4400C496E5 /* PBXContainerItemProxy */;
		};
		6D95B8111D7F5C4500C496E5 /* PBXTargetDependency */ = {
			isa = PBXTargetDependency;
			target = 6D95B7EF1D7F5C3A00C496E5 /* UserDefaults */;
			targetProxy = 6D95B8101D7F5C4500C496E5 /* PBXContainerItemProxy */;
		};
/* End PBXTargetDependency section */

/* Begin PBXVariantGroup section */
		6D95B7F71D7F5C4200C496E5 /* Main.storyboard */ = {
			isa = PBXVariantGroup;
			children = (
				6D95B7F81D7F5C4200C496E5 /* Base */,
			);
			name = Main.storyboard;
			sourceTree = "<group>";
		};
		6D95B7FC1D7F5C4400C496E5 /* LaunchScreen.storyboard */ = {
			isa = PBXVariantGroup;
			children = (
				6D95B7FD1D7F5C4400C496E5 /* Base */,
			);
			name = LaunchScreen.storyboard;
			sourceTree = "<group>";
		};
/* End PBXVariantGroup section */

/* Begin XCBuildConfiguration section */
		6D95B8161D7F5C4500C496E5 /* Debug */ = {
			isa = XCBuildConfiguration;
			buildSettings = {
				ALWAYS_SEARCH_USER_PATHS = NO;
				CLANG_ANALYZER_NONNULL = YES;
				CLANG_CXX_LANGUAGE_STANDARD = "gnu++0x";
				CLANG_CXX_LIBRARY = "libc++";
				CLANG_ENABLE_MODULES = YES;
				CLANG_ENABLE_OBJC_ARC = YES;
				CLANG_WARN_BOOL_CONVERSION = YES;
				CLANG_WARN_CONSTANT_CONVERSION = YES;
				CLANG_WARN_DIRECT_OBJC_ISA_USAGE = YES_ERROR;
				CLANG_WARN_DOCUMENTATION_COMMENTS = YES;
				CLANG_WARN_EMPTY_BODY = YES;
				CLANG_WARN_ENUM_CONVERSION = YES;
				CLANG_WARN_INFINITE_RECURSION = YES;
				CLANG_WARN_INT_CONVERSION = YES;
				CLANG_WARN_OBJC_ROOT_CLASS = YES_ERROR;
				CLANG_WARN_SUSPICIOUS_MOVES = YES;
				CLANG_WARN_UNREACHABLE_CODE = YES;
				CLANG_WARN__DUPLICATE_METHOD_MATCH = YES;
				"CODE_SIGN_IDENTITY[sdk=iphoneos*]" = "iPhone Developer";
				COPY_PHASE_STRIP = NO;
				DEBUG_INFORMATION_FORMAT = dwarf;
				ENABLE_STRICT_OBJC_MSGSEND = YES;
				ENABLE_TESTABILITY = YES;
				GCC_C_LANGUAGE_STANDARD = gnu99;
				GCC_DYNAMIC_NO_PIC = NO;
				GCC_NO_COMMON_BLOCKS = YES;
				GCC_OPTIMIZATION_LEVEL = 0;
				GCC_PREPROCESSOR_DEFINITIONS = (
					"DEBUG=1",
					"$(inherited)",
				);
				GCC_WARN_64_TO_32_BIT_CONVERSION = YES;
				GCC_WARN_ABOUT_RETURN_TYPE = YES_ERROR;
				GCC_WARN_UNDECLARED_SELECTOR = YES;
				GCC_WARN_UNINITIALIZED_AUTOS = YES_AGGRESSIVE;
				GCC_WARN_UNUSED_FUNCTION = YES;
				GCC_WARN_UNUSED_VARIABLE = YES;
				IPHONEOS_DEPLOYMENT_TARGET = 10.0;
				MTL_ENABLE_DEBUG_INFO = YES;
				ONLY_ACTIVE_ARCH = YES;
				SDKROOT = iphoneos;
				SWIFT_ACTIVE_COMPILATION_CONDITIONS = DEBUG;
				SWIFT_OPTIMIZATION_LEVEL = "-Onone";
				TARGETED_DEVICE_FAMILY = "1,2";
			};
			name = Debug;
		};
		6D95B8171D7F5C4500C496E5 /* Release */ = {
			isa = XCBuildConfiguration;
			buildSettings = {
				ALWAYS_SEARCH_USER_PATHS = NO;
				CLANG_ANALYZER_NONNULL = YES;
				CLANG_CXX_LANGUAGE_STANDARD = "gnu++0x";
				CLANG_CXX_LIBRARY = "libc++";
				CLANG_ENABLE_MODULES = YES;
				CLANG_ENABLE_OBJC_ARC = YES;
				CLANG_WARN_BOOL_CONVERSION = YES;
				CLANG_WARN_CONSTANT_CONVERSION = YES;
				CLANG_WARN_DIRECT_OBJC_ISA_USAGE = YES_ERROR;
				CLANG_WARN_DOCUMENTATION_COMMENTS = YES;
				CLANG_WARN_EMPTY_BODY = YES;
				CLANG_WARN_ENUM_CONVERSION = YES;
				CLANG_WARN_INFINITE_RECURSION = YES;
				CLANG_WARN_INT_CONVERSION = YES;
				CLANG_WARN_OBJC_ROOT_CLASS = YES_ERROR;
				CLANG_WARN_SUSPICIOUS_MOVES = YES;
				CLANG_WARN_UNREACHABLE_CODE = YES;
				CLANG_WARN__DUPLICATE_METHOD_MATCH = YES;
				"CODE_SIGN_IDENTITY[sdk=iphoneos*]" = "iPhone Developer";
				COPY_PHASE_STRIP = NO;
				DEBUG_INFORMATION_FORMAT = "dwarf-with-dsym";
				ENABLE_NS_ASSERTIONS = NO;
				ENABLE_STRICT_OBJC_MSGSEND = YES;
				GCC_C_LANGUAGE_STANDARD = gnu99;
				GCC_NO_COMMON_BLOCKS = YES;
				GCC_WARN_64_TO_32_BIT_CONVERSION = YES;
				GCC_WARN_ABOUT_RETURN_TYPE = YES_ERROR;
				GCC_WARN_UNDECLARED_SELECTOR = YES;
				GCC_WARN_UNINITIALIZED_AUTOS = YES_AGGRESSIVE;
				GCC_WARN_UNUSED_FUNCTION = YES;
				GCC_WARN_UNUSED_VARIABLE = YES;
				IPHONEOS_DEPLOYMENT_TARGET = 10.0;
				MTL_ENABLE_DEBUG_INFO = NO;
				SDKROOT = iphoneos;
				SWIFT_OPTIMIZATION_LEVEL = "-Owholemodule";
				TARGETED_DEVICE_FAMILY = "1,2";
				VALIDATE_PRODUCT = YES;
			};
			name = Release;
		};
		6D95B8191D7F5C4500C496E5 /* Debug */ = {
			isa = XCBuildConfiguration;
			buildSettings = {
				ASSETCATALOG_COMPILER_APPICON_NAME = AppIcon;
				DEVELOPMENT_TEAM = 22EK2B4UZJ;
				INFOPLIST_FILE = UserDefaults/Info.plist;
				LD_RUNPATH_SEARCH_PATHS = "$(inherited) @executable_path/Frameworks";
				PRODUCT_BUNDLE_IDENTIFIER = hydrastudio.UserDefaults;
				PRODUCT_NAME = "$(TARGET_NAME)";
				SWIFT_VERSION = 3.0;
			};
			name = Debug;
		};
		6D95B81A1D7F5C4500C496E5 /* Release */ = {
			isa = XCBuildConfiguration;
			buildSettings = {
				ASSETCATALOG_COMPILER_APPICON_NAME = AppIcon;
				DEVELOPMENT_TEAM = 22EK2B4UZJ;
				INFOPLIST_FILE = UserDefaults/Info.plist;
				LD_RUNPATH_SEARCH_PATHS = "$(inherited) @executable_path/Frameworks";
				PRODUCT_BUNDLE_IDENTIFIER = hydrastudio.UserDefaults;
				PRODUCT_NAME = "$(TARGET_NAME)";
				SWIFT_VERSION = 3.0;
			};
			name = Release;
		};
		6D95B81C1D7F5C4500C496E5 /* Debug */ = {
			isa = XCBuildConfiguration;
			buildSettings = {
				ALWAYS_EMBED_SWIFT_STANDARD_LIBRARIES = YES;
				BUNDLE_LOADER = "$(TEST_HOST)";
				DEVELOPMENT_TEAM = 22EK2B4UZJ;
				INFOPLIST_FILE = UserDefaultsTests/Info.plist;
				LD_RUNPATH_SEARCH_PATHS = "$(inherited) @executable_path/Frameworks @loader_path/Frameworks";
				PRODUCT_BUNDLE_IDENTIFIER = hydrastudio.UserDefaultsTests;
				PRODUCT_NAME = "$(TARGET_NAME)";
				SWIFT_VERSION = 3.0;
				TEST_HOST = "$(BUILT_PRODUCTS_DIR)/UserDefaults.app/UserDefaults";
			};
			name = Debug;
		};
		6D95B81D1D7F5C4500C496E5 /* Release */ = {
			isa = XCBuildConfiguration;
			buildSettings = {
				ALWAYS_EMBED_SWIFT_STANDARD_LIBRARIES = YES;
				BUNDLE_LOADER = "$(TEST_HOST)";
				DEVELOPMENT_TEAM = 22EK2B4UZJ;
				INFOPLIST_FILE = UserDefaultsTests/Info.plist;
				LD_RUNPATH_SEARCH_PATHS = "$(inherited) @executable_path/Frameworks @loader_path/Frameworks";
				PRODUCT_BUNDLE_IDENTIFIER = hydrastudio.UserDefaultsTests;
				PRODUCT_NAME = "$(TARGET_NAME)";
				SWIFT_VERSION = 3.0;
				TEST_HOST = "$(BUILT_PRODUCTS_DIR)/UserDefaults.app/UserDefaults";
			};
			name = Release;
		};
		6D95B81F1D7F5C4500C496E5 /* Debug */ = {
			isa = XCBuildConfiguration;
			buildSettings = {
				ALWAYS_EMBED_SWIFT_STANDARD_LIBRARIES = YES;
				DEVELOPMENT_TEAM = 22EK2B4UZJ;
				INFOPLIST_FILE = UserDefaultsUITests/Info.plist;
				LD_RUNPATH_SEARCH_PATHS = "$(inherited) @executable_path/Frameworks @loader_path/Frameworks";
				PRODUCT_BUNDLE_IDENTIFIER = hydrastudio.UserDefaultsUITests;
				PRODUCT_NAME = "$(TARGET_NAME)";
				SWIFT_VERSION = 3.0;
				TEST_TARGET_NAME = UserDefaults;
			};
			name = Debug;
		};
		6D95B8201D7F5C4500C496E5 /* Release */ = {
			isa = XCBuildConfiguration;
			buildSettings = {
				ALWAYS_EMBED_SWIFT_STANDARD_LIBRARIES = YES;
				DEVELOPMENT_TEAM = 22EK2B4UZJ;
				INFOPLIST_FILE = UserDefaultsUITests/Info.plist;
				LD_RUNPATH_SEARCH_PATHS = "$(inherited) @executable_path/Frameworks @loader_path/Frameworks";
				PRODUCT_BUNDLE_IDENTIFIER = hydrastudio.UserDefaultsUITests;
				PRODUCT_NAME = "$(TARGET_NAME)";
				SWIFT_VERSION = 3.0;
				TEST_TARGET_NAME = UserDefaults;
			};
			name = Release;
		};
/* End XCBuildConfiguration section */

/* Begin XCConfigurationList section */
		6D95B7EB1D7F5C3A00C496E5 /* Build configuration list for PBXProject "UserDefaults" */ = {
			isa = XCConfigurationList;
			buildConfigurations = (
				6D95B8161D7F5C4500C496E5 /* Debug */,
				6D95B8171D7F5C4500C496E5 /* Release */,
			);
			defaultConfigurationIsVisible = 0;
			defaultConfigurationName = Release;
		};
		6D95B8181D7F5C4500C496E5 /* Build configuration list for PBXNativeTarget "UserDefaults" */ = {
			isa = XCConfigurationList;
			buildConfigurations = (
				6D95B8191D7F5C4500C496E5 /* Debug */,
				6D95B81A1D7F5C4500C496E5 /* Release */,
			);
			defaultConfigurationIsVisible = 0;
		};
		6D95B81B1D7F5C4500C496E5 /* Build configuration list for PBXNativeTarget "UserDefaultsTests" */ = {
			isa = XCConfigurationList;
			buildConfigurations = (
				6D95B81C1D7F5C4500C496E5 /* Debug */,
				6D95B81D1D7F5C4500C496E5 /* Release */,
			);
			defaultConfigurationIsVisible = 0;
		};
		6D95B81E1D7F5C4500C496E5 /* Build configuration list for PBXNativeTarget "UserDefaultsUITests" */ = {
			isa = XCConfigurationList;
			buildConfigurations = (
				6D95B81F1D7F5C4500C496E5 /* Debug */,
				6D95B8201D7F5C4500C496E5 /* Release */,
			);
			defaultConfigurationIsVisible = 0;
		};
/* End XCConfigurationList section */
	};
	rootObject = 6D95B7E81D7F5C3A00C496E5 /* Project object */;
}
